
Microsoft Visual Studio Solution File, Format Version 12.00
# Visual Studio Version 17
VisualStudioVersion = 17.13.35818.85 d17.13
MinimumVisualStudioVersion = 10.0.40219.1
Project("{888888A0-9F3D-457C-B088-3A5042F75D52}") = "K-means", "K-means\K-means.pyproj", "{0B23A61C-6DC0-49AE-9939-9A9CD391137A}"
EndProject
Global
	GlobalSection(SolutionConfigurationPlatforms) = preSolution
		Debug|Any CPU = Debug|Any CPU
		Release|Any CPU = Release|Any CPU
	EndGlobalSection
	GlobalSection(ProjectConfigurationPlatforms) = postSolution
		{0B23A61C-6DC0-49AE-9939-9A9CD391137A}.Debug|Any CPU.ActiveCfg = Debug|Any CPU
		{0B23A61C-6DC0-49AE-9939-9A9CD391137A}.Release|Any CPU.ActiveCfg = Release|Any CPU
	EndGlobalSection
	GlobalSection(SolutionProperties) = preSolution
		HideSolutionNode = FALSE
	EndGlobalSection
	GlobalSection(ExtensibilityGlobals) = postSolution
		SolutionGuid = {20F1C2EA-AFF7-446E-8206-C638972F9538}
	EndGlobalSection
EndGlobal
